{
  "originHash" : "2296fbe19ebf9444e34a6707878be1520a0677d0dd1d0ab8aa55db2f877511bd",
  "pins" : [
    {
      "identity" : "swift-atomics",
      "kind" : "remoteSourceControl",
      "location" : "https://github.com/apple/swift-atomics.git",
      "state" : {
        "revision" : "b601256eab081c0f92f059e12818ac1d4f178ff7",
        "version" : "1.3.0"
      }
    }
  ],
  "version" : 3
}
